<?xml version="1.0" encoding="utf-8"?>
<Project ToolsVersion="4.0" xmlns="http://schemas.microsoft.com/developer/msbuild/2003">
  <ItemGroup>
    <Filter Include="tests">
      <UniqueIdentifier>{52cae6ab-922c-4873-b7dd-d49a95b9e287}</UniqueIdentifier>
    </Filter>
  </ItemGroup>
  <ItemGroup>
    <ClCompile Include="src\gxfile.cpp">
    </ClCompile>
    <ClCompile Include="src\utils.cpp">
    </ClCompile>
    <ClCompile Include="src\tests\doctestmain.cpp">
      <Filter>tests</Filter>
    </ClCompile>
    <ClCompile Include="src\tests\gxfiletests.cpp">
      <Filter>tests</Filter>
    </ClCompile>
    <ClCompile Include="src\tests\utilstests.cpp">
      <Filter>tests</Filter>
    </ClCompile>
    <ClCompile Include="src\gclgms.c">
    </ClCompile>
    <ClCompile Include="src\gmsheapnew.cpp">
    </ClCompile>
    <ClCompile Include="src\gmsobj.cpp">
    </ClCompile>
    <ClCompile Include="src\gmsstrm.cpp">
    </ClCompile>
    <ClCompile Include="src\tests\strhashtests.cpp">
      <Filter>tests</Filter>
    </ClCompile>
    <ClCompile Include="src\tests\gmsobjtests.cpp">
      <Filter>tests</Filter>
    </ClCompile>
    <ClCompile Include="src\tests\gmsheapnewtests.cpp">
      <Filter>tests</Filter>
    </ClCompile>
    <ClCompile Include="src\tests\gmsdatatests.cpp">
      <Filter>tests</Filter>
    </ClCompile>
  </ItemGroup>
  <ItemGroup>
    <ClInclude Include="src\gxfile.h">
    </ClInclude>
    <ClInclude Include="src\utils.h">
    </ClInclude>
    <ClInclude Include="src\tests\doctest.h">
      <Filter>tests</Filter>
    </ClInclude>
    <ClInclude Include="src\gclgms.h" />
    <ClInclude Include="src\datastorage.h" />
    <ClInclude Include="src\gmsdata.h" />
    <ClInclude Include="src\gmsheapnew.h" />
    <ClInclude Include="src\gmsobj.h" />
    <ClInclude Include="src\gmsstrm.h" />
    <ClInclude Include="src\strhash.h" />
    <ClInclude Include="src\tests\gxfiletests.h">
      <Filter>tests</Filter>
    </ClInclude>
  </ItemGroup>
</Project>