<?xml version="1.0" encoding="utf-8"?>
<Project ToolsVersion="4.0" xmlns="http://schemas.microsoft.com/developer/msbuild/2003">
  <ItemGroup>
    <Filter Include="tests">
      <UniqueIdentifier>{52cae6ab-922c-4873-b7dd-d49a95b9e287}</UniqueIdentifier>
    </Filter>
    <Filter Include="zlib">
      <UniqueIdentifier>{aeb1de90-6de1-4e63-95c1-ec1592083fff}</UniqueIdentifier>
    </Filter>
    <Filter Include="gdlib">
      <UniqueIdentifier>{f2074df4-2e23-411b-8082-fe52e15d0066}</UniqueIdentifier>
    </Filter>
    <Filter Include="tests\gdlib">
      <UniqueIdentifier>{dd109c05-7a55-44f4-9efa-8aeafdadf349}</UniqueIdentifier>
    </Filter>
    <Filter Include="tests\rtl">
      <UniqueIdentifier>{3d996aed-e690-4dd3-aa3b-adde852b670b}</UniqueIdentifier>
    </Filter>
    <Filter Include="rtl">
      <UniqueIdentifier>{69ceda76-8107-4655-a825-d6a736709e23}</UniqueIdentifier>
    </Filter>
    <Filter Include="global">
      <UniqueIdentifier>{8a5c2307-2b09-4796-b6b7-dce893bd9bee}</UniqueIdentifier>
    </Filter>
  </ItemGroup>
  <ItemGroup>
    <ClCompile Include="src\gxfile.cpp">
    </ClCompile>
    <ClCompile Include="src\tests\doctestmain.cpp">
      <Filter>tests</Filter>
    </ClCompile>
    <ClCompile Include="src\tests\gxfiletests.cpp">
      <Filter>tests</Filter>
    </ClCompile>
    <ClCompile Include="src\tests\gdxtests.cpp">
      <Filter>tests</Filter>
    </ClCompile>
    <ClCompile Include="src\gdlib\gmsstrm.cpp">
      <Filter>gdlib</Filter>
    </ClCompile>
    <ClCompile Include="src\gdlib\utils.cpp">
      <Filter>gdlib</Filter>
    </ClCompile>
    <ClCompile Include="src\tests\gdlib\datastoragetests.cpp">
      <Filter>tests\gdlib</Filter>
    </ClCompile>
    <ClCompile Include="src\tests\gdlib\glookuptests.cpp">
      <Filter>tests\gdlib</Filter>
    </ClCompile>
    <ClCompile Include="src\tests\gdlib\gmacrotests.cpp">
      <Filter>tests\gdlib</Filter>
    </ClCompile>
    <ClCompile Include="src\tests\gdlib\gmsdatatests.cpp">
      <Filter>tests\gdlib</Filter>
    </ClCompile>
    <ClCompile Include="src\tests\gdlib\gmsheapnewtests.cpp">
      <Filter>tests\gdlib</Filter>
    </ClCompile>
    <ClCompile Include="src\tests\gdlib\gmsobjtests.cpp">
      <Filter>tests\gdlib</Filter>
    </ClCompile>
    <ClCompile Include="src\tests\gdlib\gmsstrmtests.cpp">
      <Filter>tests\gdlib</Filter>
    </ClCompile>
    <ClCompile Include="src\tests\gdlib\obfuscatestrtests.cpp">
      <Filter>tests\gdlib</Filter>
    </ClCompile>
    <ClCompile Include="src\tests\gdlib\strhashtests.cpp">
      <Filter>tests\gdlib</Filter>
    </ClCompile>
    <ClCompile Include="src\tests\gdlib\strutilxtests.cpp">
      <Filter>tests\gdlib</Filter>
    </ClCompile>
    <ClCompile Include="src\tests\gdlib\utilstests.cpp">
      <Filter>tests\gdlib</Filter>
    </ClCompile>
    <ClCompile Include="src\tests\gdlib\xcompresstests.cpp">
      <Filter>tests\gdlib</Filter>
    </ClCompile>
    <ClCompile Include="src\tests\rtl\p3iotests.cpp">
      <Filter>tests\rtl</Filter>
    </ClCompile>
    <ClCompile Include="src\tests\rtl\p3utilstests.cpp">
      <Filter>tests\rtl</Filter>
    </ClCompile>
    <ClCompile Include="src\tests\rtl\stdthreadtests.cpp">
      <Filter>tests\rtl</Filter>
    </ClCompile>
    <ClCompile Include="src\tests\rtl\sysutilsp3tests.cpp">
      <Filter>tests\rtl</Filter>
    </ClCompile>
    <ClCompile Include="src\gdlib\charmaps.cpp">
      <Filter>gdlib</Filter>
    </ClCompile>
    <ClCompile Include="src\gdlib\cmdpar.cpp">
      <Filter>gdlib</Filter>
    </ClCompile>
    <ClCompile Include="src\gdlib\datastorage.cpp">
      <Filter>gdlib</Filter>
    </ClCompile>
    <ClCompile Include="src\gdlib\dblutil.cpp">
      <Filter>gdlib</Filter>
    </ClCompile>
    <ClCompile Include="src\gdlib\gamsdirs.cpp">
      <Filter>gdlib</Filter>
    </ClCompile>
    <ClCompile Include="src\gdlib\gfileopen.cpp">
      <Filter>gdlib</Filter>
    </ClCompile>
    <ClCompile Include="src\gdlib\glookup.cpp">
      <Filter>gdlib</Filter>
    </ClCompile>
    <ClCompile Include="src\gdlib\gmacro.cpp">
      <Filter>gdlib</Filter>
    </ClCompile>
    <ClCompile Include="src\gdlib\gmsdata.cpp">
      <Filter>gdlib</Filter>
    </ClCompile>
    <ClCompile Include="src\gdlib\gmsglob.cpp">
      <Filter>gdlib</Filter>
    </ClCompile>
    <ClCompile Include="src\gdlib\gmsheapnew.cpp">
      <Filter>gdlib</Filter>
    </ClCompile>
    <ClCompile Include="src\gdlib\gmslist.cpp">
      <Filter>gdlib</Filter>
    </ClCompile>
    <ClCompile Include="src\gdlib\gmsobj.cpp">
      <Filter>gdlib</Filter>
    </ClCompile>
    <ClCompile Include="src\gdlib\gmsonly.cpp">
      <Filter>gdlib</Filter>
    </ClCompile>
    <ClCompile Include="src\gdlib\obfuscatestr.cpp">
      <Filter>gdlib</Filter>
    </ClCompile>
    <ClCompile Include="src\gdlib\runner.cpp">
      <Filter>gdlib</Filter>
    </ClCompile>
    <ClCompile Include="src\gdlib\statlib.cpp">
      <Filter>gdlib</Filter>
    </ClCompile>
    <ClCompile Include="src\gdlib\statlibobj.cpp">
      <Filter>gdlib</Filter>
    </ClCompile>
    <ClCompile Include="src\gdlib\strhash.cpp">
      <Filter>gdlib</Filter>
    </ClCompile>
    <ClCompile Include="src\gdlib\strutilx.cpp">
      <Filter>gdlib</Filter>
    </ClCompile>
    <ClCompile Include="src\gdlib\xcompress.cpp">
      <Filter>gdlib</Filter>
    </ClCompile>
    <ClCompile Include="src\rtl\dtoaLoc.c">
      <Filter>rtl</Filter>
    </ClCompile>
    <ClCompile Include="src\rtl\idglobal_p3.cpp">
      <Filter>rtl</Filter>
    </ClCompile>
    <ClCompile Include="src\rtl\math_p3.cpp">
      <Filter>rtl</Filter>
    </ClCompile>
    <ClCompile Include="src\rtl\p3io.cpp">
      <Filter>rtl</Filter>
    </ClCompile>
    <ClCompile Include="src\rtl\p3library.cpp">
      <Filter>rtl</Filter>
    </ClCompile>
    <ClCompile Include="src\rtl\p3platform.cpp">
      <Filter>rtl</Filter>
    </ClCompile>
    <ClCompile Include="src\rtl\p3process.cpp">
      <Filter>rtl</Filter>
    </ClCompile>
    <ClCompile Include="src\rtl\p3utils.cpp">
      <Filter>rtl</Filter>
    </ClCompile>
    <ClCompile Include="src\rtl\stdthread.cpp">
      <Filter>rtl</Filter>
    </ClCompile>
    <ClCompile Include="src\rtl\sysutils_p3.cpp">
      <Filter>rtl</Filter>
    </ClCompile>
    <ClCompile Include="src\global\ctvproc.cpp">
      <Filter>global</Filter>
    </ClCompile>
    <ClCompile Include="src\global\gmslibname.cpp">
      <Filter>global</Filter>
    </ClCompile>
    <ClCompile Include="src\global\gmsspecs.cpp">
      <Filter>global</Filter>
    </ClCompile>
    <ClCompile Include="src\global\modhead.cpp">
      <Filter>global</Filter>
    </ClCompile>
    <ClCompile Include="zlib\adler32.c">
      <Filter>zlib</Filter>
    </ClCompile>
    <ClCompile Include="zlib\compress.c">
      <Filter>zlib</Filter>
    </ClCompile>
    <ClCompile Include="zlib\crc32.c">
      <Filter>zlib</Filter>
    </ClCompile>
    <ClCompile Include="zlib\deflate.c">
      <Filter>zlib</Filter>
    </ClCompile>
    <ClCompile Include="zlib\gzclose.c">
      <Filter>zlib</Filter>
    </ClCompile>
    <ClCompile Include="zlib\gzlib.c">
      <Filter>zlib</Filter>
    </ClCompile>
    <ClCompile Include="zlib\gzread.c">
      <Filter>zlib</Filter>
    </ClCompile>
    <ClCompile Include="zlib\gzwrite.c">
      <Filter>zlib</Filter>
    </ClCompile>
    <ClCompile Include="zlib\infback.c">
      <Filter>zlib</Filter>
    </ClCompile>
    <ClCompile Include="zlib\inffast.c">
      <Filter>zlib</Filter>
    </ClCompile>
    <ClCompile Include="zlib\inflate.c">
      <Filter>zlib</Filter>
    </ClCompile>
    <ClCompile Include="zlib\inftrees.c">
      <Filter>zlib</Filter>
    </ClCompile>
    <ClCompile Include="zlib\trees.c">
      <Filter>zlib</Filter>
    </ClCompile>
    <ClCompile Include="zlib\uncompr.c">
      <Filter>zlib</Filter>
    </ClCompile>
    <ClCompile Include="zlib\zutil.c">
      <Filter>zlib</Filter>
    </ClCompile>
  </ItemGroup>
  <ItemGroup>
    <ClInclude Include="src\gxfile.hpp">
    </ClInclude>
    <ClInclude Include="src\tests\doctest.h">
      <Filter>tests</Filter>
    </ClInclude>
    <ClInclude Include="src\tests\gdxtests.hpp">
      <Filter>tests</Filter>
    </ClInclude>
    <ClInclude Include="src\gdx.hpp" />
    <ClInclude Include="src\gdlib\gmsstrm.hpp">
      <Filter>gdlib</Filter>
    </ClInclude>
    <ClInclude Include="src\gdlib\utils.hpp">
      <Filter>gdlib</Filter>
    </ClInclude>
    <ClInclude Include="src\gdlib\batchalloc.hpp">
      <Filter>gdlib</Filter>
    </ClInclude>
    <ClInclude Include="src\gdlib\charmaps.hpp">
      <Filter>gdlib</Filter>
    </ClInclude>
    <ClInclude Include="src\gdlib\cmdpar.hpp">
      <Filter>gdlib</Filter>
    </ClInclude>
    <ClInclude Include="src\gdlib\datastorage.hpp">
      <Filter>gdlib</Filter>
    </ClInclude>
    <ClInclude Include="src\gdlib\dblutil.hpp">
      <Filter>gdlib</Filter>
    </ClInclude>
    <ClInclude Include="src\gdlib\gamsdirs.hpp">
      <Filter>gdlib</Filter>
    </ClInclude>
    <ClInclude Include="src\gdlib\gfileopen.hpp">
      <Filter>gdlib</Filter>
    </ClInclude>
    <ClInclude Include="src\gdlib\glookup.hpp">
      <Filter>gdlib</Filter>
    </ClInclude>
    <ClInclude Include="src\gdlib\gmacro.hpp">
      <Filter>gdlib</Filter>
    </ClInclude>
    <ClInclude Include="src\gdlib\gmsdata.hpp">
      <Filter>gdlib</Filter>
    </ClInclude>
    <ClInclude Include="src\gdlib\gmsgen.hpp">
      <Filter>gdlib</Filter>
    </ClInclude>
    <ClInclude Include="src\gdlib\gmsglob.hpp">
      <Filter>gdlib</Filter>
    </ClInclude>
    <ClInclude Include="src\gdlib\gmsheapnew.hpp">
      <Filter>gdlib</Filter>
    </ClInclude>
    <ClInclude Include="src\gdlib\gmslist.hpp">
      <Filter>gdlib</Filter>
    </ClInclude>
    <ClInclude Include="src\gdlib\gmsobj.hpp">
      <Filter>gdlib</Filter>
    </ClInclude>
    <ClInclude Include="src\gdlib\gmsonly.hpp">
      <Filter>gdlib</Filter>
    </ClInclude>
    <ClInclude Include="src\gdlib\obfuscatestr.hpp">
      <Filter>gdlib</Filter>
    </ClInclude>
    <ClInclude Include="src\gdlib\runner.hpp">
      <Filter>gdlib</Filter>
    </ClInclude>
    <ClInclude Include="src\gdlib\statlib.hpp">
      <Filter>gdlib</Filter>
    </ClInclude>
    <ClInclude Include="src\gdlib\statlibobj.hpp">
      <Filter>gdlib</Filter>
    </ClInclude>
    <ClInclude Include="src\gdlib\stattypes.hpp">
      <Filter>gdlib</Filter>
    </ClInclude>
    <ClInclude Include="src\gdlib\strhash.hpp">
      <Filter>gdlib</Filter>
    </ClInclude>
    <ClInclude Include="src\gdlib\strutilx.hpp">
      <Filter>gdlib</Filter>
    </ClInclude>
    <ClInclude Include="src\gdlib\xcompress.hpp">
      <Filter>gdlib</Filter>
    </ClInclude>
    <ClInclude Include="src\rtl\dtoaLoc.h">
      <Filter>rtl</Filter>
    </ClInclude>
    <ClInclude Include="src\rtl\idglobal_p3.h">
      <Filter>rtl</Filter>
    </ClInclude>
    <ClInclude Include="src\rtl\math_p3.hpp">
      <Filter>rtl</Filter>
    </ClInclude>
    <ClInclude Include="src\rtl\p3io.hpp">
      <Filter>rtl</Filter>
    </ClInclude>
    <ClInclude Include="src\rtl\p3library.hpp">
      <Filter>rtl</Filter>
    </ClInclude>
    <ClInclude Include="src\rtl\p3platform.hpp">
      <Filter>rtl</Filter>
    </ClInclude>
    <ClInclude Include="src\rtl\p3process.hpp">
      <Filter>rtl</Filter>
    </ClInclude>
    <ClInclude Include="src\rtl\p3utils.hpp">
      <Filter>rtl</Filter>
    </ClInclude>
    <ClInclude Include="src\rtl\stdthread.hpp">
      <Filter>rtl</Filter>
    </ClInclude>
    <ClInclude Include="src\rtl\sysutils_p3.hpp">
      <Filter>rtl</Filter>
    </ClInclude>
    <ClInclude Include="src\global\ctvproc.hpp">
      <Filter>global</Filter>
    </ClInclude>
    <ClInclude Include="src\global\delphitypes.hpp">
      <Filter>global</Filter>
    </ClInclude>
    <ClInclude Include="src\global\gmslibname.hpp">
      <Filter>global</Filter>
    </ClInclude>
    <ClInclude Include="src\global\gmsspecs.hpp">
      <Filter>global</Filter>
    </ClInclude>
    <ClInclude Include="src\global\modhead.hpp">
      <Filter>global</Filter>
    </ClInclude>
    <ClInclude Include="src\global\unit.h">
      <Filter>global</Filter>
    </ClInclude>
    <ClInclude Include="zlib\crc32.h">
      <Filter>zlib</Filter>
    </ClInclude>
    <ClInclude Include="zlib\deflate.h">
      <Filter>zlib</Filter>
    </ClInclude>
    <ClInclude Include="zlib\gzguts.h">
      <Filter>zlib</Filter>
    </ClInclude>
    <ClInclude Include="zlib\inffast.h">
      <Filter>zlib</Filter>
    </ClInclude>
    <ClInclude Include="zlib\inffixed.h">
      <Filter>zlib</Filter>
    </ClInclude>
    <ClInclude Include="zlib\inflate.h">
      <Filter>zlib</Filter>
    </ClInclude>
    <ClInclude Include="zlib\inftrees.h">
      <Filter>zlib</Filter>
    </ClInclude>
    <ClInclude Include="zlib\trees.h">
      <Filter>zlib</Filter>
    </ClInclude>
    <ClInclude Include="zlib\zconf.h">
      <Filter>zlib</Filter>
    </ClInclude>
    <ClInclude Include="zlib\zlib.h">
      <Filter>zlib</Filter>
    </ClInclude>
    <ClInclude Include="zlib\zutil.h">
      <Filter>zlib</Filter>
    </ClInclude>
  </ItemGroup>
</Project>