
Microsoft Visual Studio Solution File, Format Version 12.00
# Visual Studio Version 17
VisualStudioVersion = 17.3.32819.101
MinimumVisualStudioVersion = 10.0.40219.1
Project("{8BC9CEB8-8B4A-11D0-8D11-00A0C91BC942}") = "gdxnative", "gdxnative.vcxproj", "{EC581273-9C88-41F2-8A9B-069CEC841BA4}"
EndProject
Global
	GlobalSection(SolutionConfigurationPlatforms) = preSolution
		Debug|x64 = Debug|x64
		Release|x64 = Release|x64
	EndGlobalSection
	GlobalSection(ProjectConfigurationPlatforms) = postSolution
		{EC581273-9C88-41F2-8A9B-069CEC841BA4}.Debug|x64.ActiveCfg = Debug|x64
		{EC581273-9C88-41F2-8A9B-069CEC841BA4}.Debug|x64.Build.0 = Debug|x64
		{EC581273-9C88-41F2-8A9B-069CEC841BA4}.Release|x64.ActiveCfg = Release|x64
		{EC581273-9C88-41F2-8A9B-069CEC841BA4}.Release|x64.Build.0 = Release|x64
	EndGlobalSection
	GlobalSection(SolutionProperties) = preSolution
		HideSolutionNode = FALSE
	EndGlobalSection
	GlobalSection(ExtensibilityGlobals) = postSolution
		SolutionGuid = {F2EA53EE-7122-445B-BC10-D9D92B8965DD}
	EndGlobalSection
EndGlobal
