<?xml version="1.0" encoding="utf-8"?>
<Project ToolsVersion="4.0" xmlns="http://schemas.microsoft.com/developer/msbuild/2003">
  <ItemGroup>
    <Filter Include="gdlib">
      <UniqueIdentifier>{69b19e72-9ccc-46cc-b0fa-142f406d05d4}</UniqueIdentifier>
    </Filter>
    <Filter Include="expertapi">
      <UniqueIdentifier>{7062be8f-60ef-402c-8454-822f2e8eb87b}</UniqueIdentifier>
    </Filter>
    <Filter Include="root">
      <UniqueIdentifier>{4FC737F1-C7A5-4376-A066-2A32D752A2FF}</UniqueIdentifier>
      <Extensions>cpp;c;cc;cxx;c++;cppm;ixx;def;odl;idl;hpj;bat;asm;asmx</Extensions>
    </Filter>
    <Filter Include="generated">
      <UniqueIdentifier>{eb84254e-fb9f-4037-b9c8-ed5307d81330}</UniqueIdentifier>
    </Filter>
    <Filter Include="global">
      <UniqueIdentifier>{1d63af84-eb63-415f-bdfa-5b2e349e9d68}</UniqueIdentifier>
    </Filter>
    <Filter Include="rtl">
      <UniqueIdentifier>{bd776488-4312-48dc-80f2-3639cd524d23}</UniqueIdentifier>
    </Filter>
    <Filter Include="tests">
      <UniqueIdentifier>{52cae6ab-922c-4873-b7dd-d49a95b9e287}</UniqueIdentifier>
    </Filter>
    <Filter Include="zlib">
      <UniqueIdentifier>{c303bda0-311e-4e08-85de-0d4055c40fe1}</UniqueIdentifier>
    </Filter>
  </ItemGroup>
  <ItemGroup>
    <ClCompile Include="gxfile.cpp">
      <Filter>root</Filter>
    </ClCompile>
    <ClCompile Include="utils.cpp">
      <Filter>root</Filter>
    </ClCompile>
    <ClCompile Include="xpwrap.cpp">
      <Filter>root</Filter>
    </ClCompile>
    <ClCompile Include="gdlib\gmsstrm.cpp">
      <Filter>gdlib</Filter>
    </ClCompile>
    <ClCompile Include="expertapi\gdxcc.c">
      <Filter>expertapi</Filter>
    </ClCompile>
    <ClCompile Include="expertapi\gclgms.c">
      <Filter>expertapi</Filter>
    </ClCompile>
    <ClCompile Include="expertapi\gcmt.c">
      <Filter>expertapi</Filter>
    </ClCompile>
    <ClCompile Include="expertapi\palmcc.c">
      <Filter>expertapi</Filter>
    </ClCompile>
    <ClCompile Include="generated\gmsglobx2.inc.cpp">
      <Filter>generated</Filter>
    </ClCompile>
    <ClCompile Include="tests\doctestmain.cpp">
      <Filter>tests</Filter>
    </ClCompile>
    <ClCompile Include="tests\gxfiletests.cpp">
      <Filter>tests</Filter>
    </ClCompile>
    <ClCompile Include="tests\xptests.cpp">
      <Filter>tests</Filter>
    </ClCompile>
    <ClCompile Include="tests\xpwraptests.cpp">
      <Filter>tests</Filter>
    </ClCompile>
    <ClCompile Include="rtl\p3utils.cpp">
      <Filter>rtl</Filter>
    </ClCompile>
    <ClCompile Include="rtl\sysutils_p3.cpp">
      <Filter>rtl</Filter>
    </ClCompile>
    <ClCompile Include="tests\gdxinterfacetests.cpp">
      <Filter>tests</Filter>
    </ClCompile>
    <ClCompile Include="tests\xp_example1.cpp">
      <Filter>tests</Filter>
    </ClCompile>
    <ClCompile Include="yaml.cpp">
      <Filter>root</Filter>
    </ClCompile>
    <ClCompile Include="gdlib\strhash.cpp">
      <Filter>gdlib</Filter>
    </ClCompile>
    <ClCompile Include="gdlib\datastorage.cpp">
      <Filter>gdlib</Filter>
    </ClCompile>
    <ClCompile Include="zlib\adler32.c">
      <Filter>zlib</Filter>
    </ClCompile>
    <ClCompile Include="zlib\compress.c">
      <Filter>zlib</Filter>
    </ClCompile>
    <ClCompile Include="zlib\crc32.c">
      <Filter>zlib</Filter>
    </ClCompile>
    <ClCompile Include="zlib\deflate.c">
      <Filter>zlib</Filter>
    </ClCompile>
    <ClCompile Include="zlib\gzclose.c">
      <Filter>zlib</Filter>
    </ClCompile>
    <ClCompile Include="zlib\gzlib.c">
      <Filter>zlib</Filter>
    </ClCompile>
    <ClCompile Include="zlib\gzread.c">
      <Filter>zlib</Filter>
    </ClCompile>
    <ClCompile Include="zlib\gzwrite.c">
      <Filter>zlib</Filter>
    </ClCompile>
    <ClCompile Include="zlib\infback.c">
      <Filter>zlib</Filter>
    </ClCompile>
    <ClCompile Include="zlib\inffast.c">
      <Filter>zlib</Filter>
    </ClCompile>
    <ClCompile Include="zlib\inflate.c">
      <Filter>zlib</Filter>
    </ClCompile>
    <ClCompile Include="zlib\inftrees.c">
      <Filter>zlib</Filter>
    </ClCompile>
    <ClCompile Include="zlib\trees.c">
      <Filter>zlib</Filter>
    </ClCompile>
    <ClCompile Include="zlib\uncompr.c">
      <Filter>zlib</Filter>
    </ClCompile>
    <ClCompile Include="zlib\zutil.c">
      <Filter>zlib</Filter>
    </ClCompile>
    <ClCompile Include="gdlib\gmsdata.cpp">
      <Filter>gdlib</Filter>
    </ClCompile>
    <ClCompile Include="tests\pfgdx.cpp">
      <Filter>tests</Filter>
    </ClCompile>
    <ClCompile Include="gdlib\gmsobj.cpp">
      <Filter>gdlib</Filter>
    </ClCompile>
  </ItemGroup>
  <ItemGroup>
    <ClInclude Include="gdlib\gmsstrm.h">
      <Filter>gdlib</Filter>
    </ClInclude>
    <ClInclude Include="expertapi\gclgms.h">
      <Filter>expertapi</Filter>
    </ClInclude>
    <ClInclude Include="expertapi\gcmt.h">
      <Filter>expertapi</Filter>
    </ClInclude>
    <ClInclude Include="expertapi\gdxcc.h">
      <Filter>expertapi</Filter>
    </ClInclude>
    <ClInclude Include="expertapi\palmcc.h">
      <Filter>expertapi</Filter>
    </ClInclude>
    <ClInclude Include="gdxinterface.h">
      <Filter>root</Filter>
    </ClInclude>
    <ClInclude Include="gxfile.h">
      <Filter>root</Filter>
    </ClInclude>
    <ClInclude Include="kvbuffers.h">
      <Filter>root</Filter>
    </ClInclude>
    <ClInclude Include="utils.h">
      <Filter>root</Filter>
    </ClInclude>
    <ClInclude Include="xpwrap.h">
      <Filter>root</Filter>
    </ClInclude>
    <ClInclude Include="generated\gmsglobx1.inc.h">
      <Filter>generated</Filter>
    </ClInclude>
    <ClInclude Include="generated\gmsspecs.inc.h">
      <Filter>generated</Filter>
    </ClInclude>
    <ClInclude Include="global\delphitypes.h">
      <Filter>global</Filter>
    </ClInclude>
    <ClInclude Include="tests\doctest.h">
      <Filter>tests</Filter>
    </ClInclude>
    <ClInclude Include="rtl\p3utils.h">
      <Filter>rtl</Filter>
    </ClInclude>
    <ClInclude Include="rtl\sysutils_p3.h">
      <Filter>rtl</Filter>
    </ClInclude>
    <ClInclude Include="gdlib\gmsdata.h">
      <Filter>gdlib</Filter>
    </ClInclude>
    <ClInclude Include="yaml.h">
      <Filter>root</Filter>
    </ClInclude>
    <ClInclude Include="gdlib\strhash.h">
      <Filter>gdlib</Filter>
    </ClInclude>
    <ClInclude Include="gdlib\datastorage.h">
      <Filter>gdlib</Filter>
    </ClInclude>
    <ClInclude Include="zlib\crc32.h">
      <Filter>zlib</Filter>
    </ClInclude>
    <ClInclude Include="zlib\deflate.h">
      <Filter>zlib</Filter>
    </ClInclude>
    <ClInclude Include="zlib\gzguts.h">
      <Filter>zlib</Filter>
    </ClInclude>
    <ClInclude Include="zlib\inffast.h">
      <Filter>zlib</Filter>
    </ClInclude>
    <ClInclude Include="zlib\inffixed.h">
      <Filter>zlib</Filter>
    </ClInclude>
    <ClInclude Include="zlib\inflate.h">
      <Filter>zlib</Filter>
    </ClInclude>
    <ClInclude Include="zlib\inftrees.h">
      <Filter>zlib</Filter>
    </ClInclude>
    <ClInclude Include="zlib\trees.h">
      <Filter>zlib</Filter>
    </ClInclude>
    <ClInclude Include="zlib\zconf.h">
      <Filter>zlib</Filter>
    </ClInclude>
    <ClInclude Include="zlib\zlib.h">
      <Filter>zlib</Filter>
    </ClInclude>
    <ClInclude Include="zlib\zutil.h">
      <Filter>zlib</Filter>
    </ClInclude>
    <ClInclude Include="tests\pfgdx.hpp">
      <Filter>tests</Filter>
    </ClInclude>
    <ClInclude Include="gdlib\gmsobj.h">
      <Filter>gdlib</Filter>
    </ClInclude>
  </ItemGroup>
</Project>